
Microsoft Visual Studio Solution File, Format Version 12.00
Project("{FAE04EC0-301F-11D3-BF4B-00C04F79EFBC}") = "Kino", "Kino\Kino.csproj", "{997BD70A-F853-4454-97FF-0C614CA75480}"
EndProject
Global
	GlobalSection(SolutionConfigurationPlatforms) = preSolution
		Debug|Any CPU = Debug|Any CPU
		Release|Any CPU = Release|Any CPU
	EndGlobalSection
	GlobalSection(ProjectConfigurationPlatforms) = postSolution
		{997BD70A-F853-4454-97FF-0C614CA75480}.Debug|Any CPU.ActiveCfg = Debug|Any CPU
		{997BD70A-F853-4454-97FF-0C614CA75480}.Debug|Any CPU.Build.0 = Debug|Any CPU
		{997BD70A-F853-4454-97FF-0C614CA75480}.Release|Any CPU.ActiveCfg = Release|Any CPU
		{997BD70A-F853-4454-97FF-0C614CA75480}.Release|Any CPU.Build.0 = Release|Any CPU
	EndGlobalSection
EndGlobal
